github.com/antchfx/xpath v1.2.5 h1:hqZ+wtQ+KIOV/S3bGZcIhpgYC26um2bZYP2KVGcR7VY=
github.com/antchfx/xpath v1.2.5/go.mod h1:i54GszH55fYfBmoZXapTHN8T8tkcHfRgLyVwwqzXNcs=
github.com/antchfx/xquery v0.0.0-20180515051857-ad5b8c7a47b0 h1:JaCC8jz0zdMLk2m+qCCVLLLM/PL93p84w4pK3aJWj60=
github.com/antchfx/xquery v0.0.0-20180515051857-ad5b8c7a47b0/go.mod h1:LzD22aAzDP8/dyiCKFp31He4m2GPjl0AFyzDtZzUu9M=
golang.org/x/net v0.22.0 h1:9sGLhx7iRIHEiX0oAJ3MRZMUCElJgy7Br1nO+AMN3Tc=
golang.org/x/net v0.22.0/go.mod h1:JKghWKKOSdJwpW2GEx0Ja7fmaKnMsbu+MWVZTokSYmg=
golang.org/x/text v0.14.0 h1:ScX5w1eTa3QqT8oi6+ziP7dTV1S2+ALU0bI+0zXKWiQ=
golang.org/x/text v0.14.0/go.mod h1:18ZOQIKpY8NJVqYksKHtTdi31H5itFRjB5/qKTNYzSU=
