github.com/antchfx/xpath v1.2.5 h1:hqZ+wtQ+KIOV/S3bGZcIhpgYC26um2bZYP2KVGcR7VY=
github.com/antchfx/xpath v1.2.5/go.mod h1:i54GszH55fYfBmoZXapTHN8T8tkcHfRgLyVwwqzXNcs=
github.com/antchfx/xquery v0.0.0-20180515051857-ad5b8c7a47b0 h1:JaCC8jz0zdMLk2m+qCCVLLLM/PL93p84w4pK3aJWj60=
github.com/antchfx/xquery v0.0.0-20180515051857-ad5b8c7a47b0/go.mod h1:LzD22aAzDP8/dyiCKFp31He4m2GPjl0AFyzDtZzUu9M=
github.com/jinzhu/inflection v1.0.0 h1:K317FqzuhWc8YvSVlFMCCUb36O/S9MCKRDI7QkRKD/E=
github.com/jinzhu/inflection v1.0.0/go.mod h1:h+uFLlag+Qp1Va5pdKtLDYj+kHp5pxUVkryuEj+Srlc=
github.com/jinzhu/now v1.1.5 h1:/o9tlHleP7gOFmsnYNz3RGnqzefHA47wQpKrrdTIwXQ=
github.com/jinzhu/now v1.1.5/go.mod h1:d3SSVoowX0Lcu0IBviAWJpolVfI5UJVZZ7cO71lE/z8=
github.com/mattn/go-sqlite3 v1.14.22 h1:2gZY6PC6kBnID23Tichd1K+Z0oS6nE/XwU+Vz/5o4kU=
github.com/mattn/go-sqlite3 v1.14.22/go.mod h1:Uh1q+B4BYcTPb+yiD3kU8Ct7aC0hY9fxUwlHK0RXw+Y=
golang.org/x/net v0.22.0 h1:9sGLhx7iRIHEiX0oAJ3MRZMUCElJgy7Br1nO+AMN3Tc=
golang.org/x/net v0.22.0/go.mod h1:JKghWKKOSdJwpW2GEx0Ja7fmaKnMsbu+MWVZTokSYmg=
golang.org/x/text v0.14.0 h1:ScX5w1eTa3QqT8oi6+ziP7dTV1S2+ALU0bI+0zXKWiQ=
golang.org/x/text v0.14.0/go.mod h1:18ZOQIKpY8NJVqYksKHtTdi31H5itFRjB5/qKTNYzSU=
golang.org/x/time v0.6.0 h1:eTDhh4ZXt5Qf0augr54TN6suAUudPcawVZeIAPU7D4U=
golang.org/x/time v0.6.0/go.mod h1:3BpzKBy/shNhVucY/MWOyx10tF3SFh9QdLuxbVysPQM=
gopkg.in/natefinch/lumberjack.v2 v2.2.1 h1:bBRl1b0OH9s/DuPhuXpNl+VtCaJXFZ5/uEFST95x9zc=
gopkg.in/natefinch/lumberjack.v2 v2.2.1/go.mod h1:YD8tP3GAjkrDg1eZH7EGmyESg/lsYskCTPBJVb9jqSc=
gorm.io/driver/sqlite v1.5.6 h1:fO/X46qn5NUEEOZtnjJRWRzZMe8nqJiQ9E+0hi+hKQE=
gorm.io/driver/sqlite v1.5.6/go.mod h1:U+J8craQU6Fzkcvu8oLeAQmi50TkwPEhHDEjQZXDah4=
gorm.io/gorm v1.25.11 h1:/Wfyg1B/je1hnDx3sMkX+gAlxrlZpn6X0BXRlwXlvHg=
gorm.io/gorm v1.25.11/go.mod h1:xh7N7RHfYlNc5EmcI/El95gXusucDrQnHXe0+CgWcLQ=
